
Microsoft Visual Studio Solution File, Format Version 12.00
# Visual Studio Version 17
VisualStudioVersion = 17.14.36109.1 d17.14
MinimumVisualStudioVersion = 10.0.40219.1
Project("{FAE04EC0-301F-11D3-BF4B-00C04F79EFBC}") = "ProyectFinal2", "ProyectFinal2\ProyectFinal2.csproj", "{D1CB4CD3-B150-44DD-B789-FE10FE18EB84}"
EndProject
Global
	GlobalSection(SolutionConfigurationPlatforms) = preSolution
		Debug|Any CPU = Debug|Any CPU
		Release|Any CPU = Release|Any CPU
	EndGlobalSection
	GlobalSection(ProjectConfigurationPlatforms) = postSolution
		{D1CB4CD3-B150-44DD-B789-FE10FE18EB84}.Debug|Any CPU.ActiveCfg = Debug|Any CPU
		{D1CB4CD3-B150-44DD-B789-FE10FE18EB84}.Debug|Any CPU.Build.0 = Debug|Any CPU
		{D1CB4CD3-B150-44DD-B789-FE10FE18EB84}.Release|Any CPU.ActiveCfg = Release|Any CPU
		{D1CB4CD3-B150-44DD-B789-FE10FE18EB84}.Release|Any CPU.Build.0 = Release|Any CPU
	EndGlobalSection
	GlobalSection(SolutionProperties) = preSolution
		HideSolutionNode = FALSE
	EndGlobalSection
	GlobalSection(ExtensibilityGlobals) = postSolution
		SolutionGuid = {49D7ACD5-74AC-4B0D-8A55-BD3103D21FFB}
	EndGlobalSection
EndGlobal
